// !$*UTF8*$!
{
	archiveVersion = 1;
	classes = {
	};
	objectVersion = 50;
	objects = {

/* Begin PBXBuildFile section */
		29DAFC5D252D3FE0009CB2A0 /* AppDelegate.swift in Sources */ = {isa = PBXBuildFile; fileRef = 29DAFC5C252D3FE0009CB2A0 /* AppDelegate.swift */; };
		29DAFC5F252D3FE0009CB2A0 /* SceneDelegate.swift in Sources */ = {isa = PBXBuildFile; fileRef = 29DAFC5E252D3FE0009CB2A0 /* SceneDelegate.swift */; };
		29DAFC61252D3FE0009CB2A0 /* ViewController.swift in Sources */ = {isa = PBXBuildFile; fileRef = 29DAFC60252D3FE0009CB2A0 /* ViewController.swift */; };
		29DAFC64252D3FE0009CB2A0 /* Main.storyboard in Resources */ = {isa = PBXBuildFile; fileRef = 29DAFC62252D3FE0009CB2A0 /* Main.storyboard */; };
		29DAFC66252D3FE4009CB2A0 /* Assets.xcassets in Resources */ = {isa = PBXBuildFile; fileRef = 29DAFC65252D3FE4009CB2A0 /* Assets.xcassets */; };
		29DAFC69252D3FE4009CB2A0 /* LaunchScreen.storyboard in Resources */ = {isa = PBXBuildFile; fileRef = 29DAFC67252D3FE4009CB2A0 /* LaunchScreen.storyboard */; };
		29DAFC74252D3FE4009CB2A0 /* TipCalTests.swift in Sources */ = {isa = PBXBuildFile; fileRef = 29DAFC73252D3FE4009CB2A0 /* TipCalTests.swift */; };
		29DAFC7F252D3FE4009CB2A0 /* TipCalUITests.swift in Sources */ = {isa = PBXBuildFile; fileRef = 29DAFC7E252D3FE4009CB2A0 /* TipCalUITests.swift */; };
/* End PBXBuildFile section */

/* Begin PBXContainerItemProxy section */
		29DAFC70252D3FE4009CB2A0 /* PBXContainerItemProxy */ = {
			isa = PBXContainerItemProxy;
			containerPortal = 29DAFC51252D3FE0009CB2A0 /* Project object */;
			proxyType = 1;
			remoteGlobalIDString = 29DAFC58252D3FE0009CB2A0;
			remoteInfo = TipCal;
		};
		29DAFC7B252D3FE4009CB2A0 /* PBXContainerItemProxy */ = {
			isa = PBXContainerItemProxy;
			containerPortal = 29DAFC51252D3FE0009CB2A0 /* Project object */;
			proxyType = 1;
			remoteGlobalIDString = 29DAFC58252D3FE0009CB2A0;
			remoteInfo = TipCal;
		};
/* End PBXContainerItemProxy section */

/* Begin PBXFileReference section */
		29DAFC59252D3FE0009CB2A0 /* TipCal.app */ = {isa = PBXFileReference; explicitFileType = wrapper.application; includeInIndex = 0; path = TipCal.app; sourceTree = BUILT_PRODUCTS_DIR; };
		29DAFC5C252D3FE0009CB2A0 /* AppDelegate.swift */ = {isa = PBXFileReference; lastKnownFileType = sourcecode.swift; path = AppDelegate.swift; sourceTree = "<group>"; };
		29DAFC5E252D3FE0009CB2A0 /* SceneDelegate.swift */ = {isa = PBXFileReference; lastKnownFileType = sourcecode.swift; path = SceneDelegate.swift; sourceTree = "<group>"; };
		29DAFC60252D3FE0009CB2A0 /* ViewController.swift */ = {isa = PBXFileReference; lastKnownFileType = sourcecode.swift; path = ViewController.swift; sourceTree = "<group>"; };
		29DAFC63252D3FE0009CB2A0 /* Base */ = {isa = PBXFileReference; lastKnownFileType = file.storyboard; name = Base; path = Base.lproj/Main.storyboard; sourceTree = "<group>"; };
		29DAFC65252D3FE4009CB2A0 /* Assets.xcassets */ = {isa = PBXFileReference; lastKnownFileType = folder.assetcatalog; path = Assets.xcassets; sourceTree = "<group>"; };
		29DAFC68252D3FE4009CB2A0 /* Base */ = {isa = PBXFileReference; lastKnownFileType = file.storyboard; name = Base; path = Base.lproj/LaunchScreen.storyboard; sourceTree = "<group>"; };
		29DAFC6A252D3FE4009CB2A0 /* Info.plist */ = {isa = PBXFileReference; lastKnownFileType = text.plist.xml; path = Info.plist; sourceTree = "<group>"; };
		29DAFC6F252D3FE4009CB2A0 /* TipCalTests.xctest */ = {isa = PBXFileReference; explicitFileType = wrapper.cfbundle; includeInIndex = 0; path = TipCalTests.xctest; sourceTree = BUILT_PRODUCTS_DIR; };
		29DAFC73252D3FE4009CB2A0 /* TipCalTests.swift */ = {isa = PBXFileReference; lastKnownFileType = sourcecode.swift; path = TipCalTests.swift; sourceTree = "<group>"; };
		29DAFC75252D3FE4009CB2A0 /* Info.plist */ = {isa = PBXFileReference; lastKnownFileType = text.plist.xml; path = Info.plist; sourceTree = "<group>"; };
		29DAFC7A252D3FE4009CB2A0 /* TipCalUITests.xctest */ = {isa = PBXFileReference; explicitFileType = wrapper.cfbundle; includeInIndex = 0; path = TipCalUITests.xctest; sourceTree = BUILT_PRODUCTS_DIR; };
		29DAFC7E252D3FE4009CB2A0 /* TipCalUITests.swift */ = {isa = PBXFileReference; lastKnownFileType = sourcecode.swift; path = TipCalUITests.swift; sourceTree = "<group>"; };
		29DAFC80252D3FE4009CB2A0 /* Info.plist */ = {isa = PBXFileReference; lastKnownFileType = text.plist.xml; path = Info.plist; sourceTree = "<group>"; };
/* End PBXFileReference section */

/* Begin PBXFrameworksBuildPhase section */
		29DAFC56252D3FE0009CB2A0 /* Frameworks */ = {
			isa = PBXFrameworksBuildPhase;
			buildActionMask = 2147483647;
			files = (
			);
			runOnlyForDeploymentPostprocessing = 0;
		};
		29DAFC6C252D3FE4009CB2A0 /* Frameworks */ = {
			isa = PBXFrameworksBuildPhase;
			buildActionMask = 2147483647;
			files = (
			);
			runOnlyForDeploymentPostprocessing = 0;
		};
		29DAFC77252D3FE4009CB2A0 /* Frameworks */ = {
			isa = PBXFrameworksBuildPhase;
			buildActionMask = 2147483647;
			files = (
			);
			runOnlyForDeploymentPostprocessing = 0;
		};
/* End PBXFrameworksBuildPhase section */

/* Begin PBXGroup section */
		29DAFC50252D3FE0009CB2A0 = {
			isa = PBXGroup;
			children = (
				29DAFC5B252D3FE0009CB2A0 /* TipCal */,
				29DAFC72252D3FE4009CB2A0 /* TipCalTests */,
				29DAFC7D252D3FE4009CB2A0 /* TipCalUITests */,
				29DAFC5A252D3FE0009CB2A0 /* Products */,
			);
			sourceTree = "<group>";
		};
		29DAFC5A252D3FE0009CB2A0 /* Products */ = {
			isa = PBXGroup;
			children = (
				29DAFC59252D3FE0009CB2A0 /* TipCal.app */,
				29DAFC6F252D3FE4009CB2A0 /* TipCalTests.xctest */,
				29DAFC7A252D3FE4009CB2A0 /* TipCalUITests.xctest */,
			);
			name = Products;
			sourceTree = "<group>";
		};
		29DAFC5B252D3FE0009CB2A0 /* TipCal */ = {
			isa = PBXGroup;
			children = (
				29DAFC5C252D3FE0009CB2A0 /* AppDelegate.swift */,
				29DAFC5E252D3FE0009CB2A0 /* SceneDelegate.swift */,
				29DAFC60252D3FE0009CB2A0 /* ViewController.swift */,
				29DAFC62252D3FE0009CB2A0 /* Main.storyboard */,
				29DAFC65252D3FE4009CB2A0 /* Assets.xcassets */,
				29DAFC67252D3FE4009CB2A0 /* LaunchScreen.storyboard */,
				29DAFC6A252D3FE4009CB2A0 /* Info.plist */,
			);
			path = TipCal;
			sourceTree = "<group>";
		};
		29DAFC72252D3FE4009CB2A0 /* TipCalTests */ = {
			isa = PBXGroup;
			children = (
				29DAFC73252D3FE4009CB2A0 /* TipCalTests.swift */,
				29DAFC75252D3FE4009CB2A0 /* Info.plist */,
			);
			path = TipCalTests;
			sourceTree = "<group>";
		};
		29DAFC7D252D3FE4009CB2A0 /* TipCalUITests */ = {
			isa = PBXGroup;
			children = (
				29DAFC7E252D3FE4009CB2A0 /* TipCalUITests.swift */,
				29DAFC80252D3FE4009CB2A0 /* Info.plist */,
			);
			path = TipCalUITests;
			sourceTree = "<group>";
		};
/* End PBXGroup section */

/* Begin PBXNativeTarget section */
		29DAFC58252D3FE0009CB2A0 /* TipCal */ = {
			isa = PBXNativeTarget;
			buildConfigurationList = 29DAFC83252D3FE4009CB2A0 /* Build configuration list for PBXNativeTarget "TipCal" */;
			buildPhases = (
				29DAFC55252D3FE0009CB2A0 /* Sources */,
				29DAFC56252D3FE0009CB2A0 /* Frameworks */,
				29DAFC57252D3FE0009CB2A0 /* Resources */,
			);
			buildRules = (
			);
			dependencies = (
			);
			name = TipCal;
			productName = TipCal;
			productReference = 29DAFC59252D3FE0009CB2A0 /* TipCal.app */;
			productType = "com.apple.product-type.application";
		};
		29DAFC6E252D3FE4009CB2A0 /* TipCalTests */ = {
			isa = PBXNativeTarget;
			buildConfigurationList = 29DAFC86252D3FE4009CB2A0 /* Build configuration list for PBXNativeTarget "TipCalTests" */;
			buildPhases = (
				29DAFC6B252D3FE4009CB2A0 /* Sources */,
				29DAFC6C252D3FE4009CB2A0 /* Frameworks */,
				29DAFC6D252D3FE4009CB2A0 /* Resources */,
			);
			buildRules = (
			);
			dependencies = (
				29DAFC71252D3FE4009CB2A0 /* PBXTargetDependency */,
			);
			name = TipCalTests;
			productName = TipCalTests;
			productReference = 29DAFC6F252D3FE4009CB2A0 /* TipCalTests.xctest */;
			productType = "com.apple.product-type.bundle.unit-test";
		};
		29DAFC79252D3FE4009CB2A0 /* TipCalUITests */ = {
			isa = PBXNativeTarget;
			buildConfigurationList = 29DAFC89252D3FE4009CB2A0 /* Build configuration list for PBXNativeTarget "TipCalUITests" */;
			buildPhases = (
				29DAFC76252D3FE4009CB2A0 /* Sources */,
				29DAFC77252D3FE4009CB2A0 /* Frameworks */,
				29DAFC78252D3FE4009CB2A0 /* Resources */,
			);
			buildRules = (
			);
			dependencies = (
				29DAFC7C252D3FE4009CB2A0 /* PBXTargetDependency */,
			);
			name = TipCalUITests;
			productName = TipCalUITests;
			productReference = 29DAFC7A252D3FE4009CB2A0 /* TipCalUITests.xctest */;
			productType = "com.apple.product-type.bundle.ui-testing";
		};
/* End PBXNativeTarget section */

/* Begin PBXProject section */
		29DAFC51252D3FE0009CB2A0 /* Project object */ = {
			isa = PBXProject;
			attributes = {
				LastSwiftUpdateCheck = 1200;
				LastUpgradeCheck = 1200;
				TargetAttributes = {
					29DAFC58252D3FE0009CB2A0 = {
						CreatedOnToolsVersion = 12.0.1;
					};
					29DAFC6E252D3FE4009CB2A0 = {
						CreatedOnToolsVersion = 12.0.1;
						TestTargetID = 29DAFC58252D3FE0009CB2A0;
					};
					29DAFC79252D3FE4009CB2A0 = {
						CreatedOnToolsVersion = 12.0.1;
						TestTargetID = 29DAFC58252D3FE0009CB2A0;
					};
				};
			};
			buildConfigurationList = 29DAFC54252D3FE0009CB2A0 /* Build configuration list for PBXProject "TipCal" */;
			compatibilityVersion = "Xcode 9.3";
			developmentRegion = en;
			hasScannedForEncodings = 0;
			knownRegions = (
				en,
				Base,
			);
			mainGroup = 29DAFC50252D3FE0009CB2A0;
			productRefGroup = 29DAFC5A252D3FE0009CB2A0 /* Products */;
			projectDirPath = "";
			projectRoot = "";
			targets = (
				29DAFC58252D3FE0009CB2A0 /* TipCal */,
				29DAFC6E252D3FE4009CB2A0 /* TipCalTests */,
				29DAFC79252D3FE4009CB2A0 /* TipCalUITests */,
			);
		};
/* End PBXProject section */

/* Begin PBXResourcesBuildPhase section */
		29DAFC57252D3FE0009CB2A0 /* Resources */ = {
			isa = PBXResourcesBuildPhase;
			buildActionMask = 2147483647;
			files = (
				29DAFC69252D3FE4009CB2A0 /* LaunchScreen.storyboard in Resources */,
				29DAFC66252D3FE4009CB2A0 /* Assets.xcassets in Resources */,
				29DAFC64252D3FE0009CB2A0 /* Main.storyboard in Resources */,
			);
			runOnlyForDeploymentPostprocessing = 0;
		};
		29DAFC6D252D3FE4009CB2A0 /* Resources */ = {
			isa = PBXResourcesBuildPhase;
			buildActionMask = 2147483647;
			files = (
			);
			runOnlyForDeploymentPostprocessing = 0;
		};
		29DAFC78252D3FE4009CB2A0 /* Resources */ = {
			isa = PBXResourcesBuildPhase;
			buildActionMask = 2147483647;
			files = (
			);
			runOnlyForDeploymentPostprocessing = 0;
		};
/* End PBXResourcesBuildPhase section */

/* Begin PBXSourcesBuildPhase section */
		29DAFC55252D3FE0009CB2A0 /* Sources */ = {
			isa = PBXSourcesBuildPhase;
			buildActionMask = 2147483647;
			files = (
				29DAFC61252D3FE0009CB2A0 /* ViewController.swift in Sources */,
				29DAFC5D252D3FE0009CB2A0 /* AppDelegate.swift in Sources */,
				29DAFC5F252D3FE0009CB2A0 /* SceneDelegate.swift in Sources */,
			);
			runOnlyForDeploymentPostprocessing = 0;
		};
		29DAFC6B252D3FE4009CB2A0 /* Sources */ = {
			isa = PBXSourcesBuildPhase;
			buildActionMask = 2147483647;
			files = (
				29DAFC74252D3FE4009CB2A0 /* TipCalTests.swift in Sources */,
			);
			runOnlyForDeploymentPostprocessing = 0;
		};
		29DAFC76252D3FE4009CB2A0 /* Sources */ = {
			isa = PBXSourcesBuildPhase;
			buildActionMask = 2147483647;
			files = (
				29DAFC7F252D3FE4009CB2A0 /* TipCalUITests.swift in Sources */,
			);
			runOnlyForDeploymentPostprocessing = 0;
		};
/* End PBXSourcesBuildPhase section */

/* Begin PBXTargetDependency section */
		29DAFC71252D3FE4009CB2A0 /* PBXTargetDependency */ = {
			isa = PBXTargetDependency;
			target = 29DAFC58252D3FE0009CB2A0 /* TipCal */;
			targetProxy = 29DAFC70252D3FE4009CB2A0 /* PBXContainerItemProxy */;
		};
		29DAFC7C252D3FE4009CB2A0 /* PBXTargetDependency */ = {
			isa = PBXTargetDependency;
			target = 29DAFC58252D3FE0009CB2A0 /* TipCal */;
			targetProxy = 29DAFC7B252D3FE4009CB2A0 /* PBXContainerItemProxy */;
		};
/* End PBXTargetDependency section */

/* Begin PBXVariantGroup section */
		29DAFC62252D3FE0009CB2A0 /* Main.storyboard */ = {
			isa = PBXVariantGroup;
			children = (
				29DAFC63252D3FE0009CB2A0 /* Base */,
			);
			name = Main.storyboard;
			sourceTree = "<group>";
		};
		29DAFC67252D3FE4009CB2A0 /* LaunchScreen.storyboard */ = {
			isa = PBXVariantGroup;
			children = (
				29DAFC68252D3FE4009CB2A0 /* Base */,
			);
			name = LaunchScreen.storyboard;
			sourceTree = "<group>";
		};
/* End PBXVariantGroup section */

/* Begin XCBuildConfiguration section */
		29DAFC81252D3FE4009CB2A0 /* Debug */ = {
			isa = XCBuildConfiguration;
			buildSettings = {
				ALWAYS_SEARCH_USER_PATHS = NO;
				CLANG_ANALYZER_NONNULL = YES;
				CLANG_ANALYZER_NUMBER_OBJECT_CONVERSION = YES_AGGRESSIVE;
				CLANG_CXX_LANGUAGE_STANDARD = "gnu++14";
				CLANG_CXX_LIBRARY = "libc++";
				CLANG_ENABLE_MODULES = YES;
				CLANG_ENABLE_OBJC_ARC = YES;
				CLANG_ENABLE_OBJC_WEAK = YES;
				CLANG_WARN_BLOCK_CAPTURE_AUTORELEASING = YES;
				CLANG_WARN_BOOL_CONVERSION = YES;
				CLANG_WARN_COMMA = YES;
				CLANG_WARN_CONSTANT_CONVERSION = YES;
				CLANG_WARN_DEPRECATED_OBJC_IMPLEMENTATIONS = YES;
				CLANG_WARN_DIRECT_OBJC_ISA_USAGE = YES_ERROR;
				CLANG_WARN_DOCUMENTATION_COMMENTS = YES;
				CLANG_WARN_EMPTY_BODY = YES;
				CLANG_WARN_ENUM_CONVERSION = YES;
				CLANG_WARN_INFINITE_RECURSION = YES;
				CLANG_WARN_INT_CONVERSION = YES;
				CLANG_WARN_NON_LITERAL_NULL_CONVERSION = YES;
				CLANG_WARN_OBJC_IMPLICIT_RETAIN_SELF = YES;
				CLANG_WARN_OBJC_LITERAL_CONVERSION = YES;
				CLANG_WARN_OBJC_ROOT_CLASS = YES_ERROR;
				CLANG_WARN_QUOTED_INCLUDE_IN_FRAMEWORK_HEADER = YES;
				CLANG_WARN_RANGE_LOOP_ANALYSIS = YES;
				CLANG_WARN_STRICT_PROTOTYPES = YES;
				CLANG_WARN_SUSPICIOUS_MOVE = YES;
				CLANG_WARN_UNGUARDED_AVAILABILITY = YES_AGGRESSIVE;
				CLANG_WARN_UNREACHABLE_CODE = YES;
				CLANG_WARN__DUPLICATE_METHOD_MATCH = YES;
				COPY_PHASE_STRIP = NO;
				DEBUG_INFORMATION_FORMAT = dwarf;
				ENABLE_STRICT_OBJC_MSGSEND = YES;
				ENABLE_TESTABILITY = YES;
				GCC_C_LANGUAGE_STANDARD = gnu11;
				GCC_DYNAMIC_NO_PIC = NO;
				GCC_NO_COMMON_BLOCKS = YES;
				GCC_OPTIMIZATION_LEVEL = 0;
				GCC_PREPROCESSOR_DEFINITIONS = (
					"DEBUG=1",
					"$(inherited)",
				);
				GCC_WARN_64_TO_32_BIT_CONVERSION = YES;
				GCC_WARN_ABOUT_RETURN_TYPE = YES_ERROR;
				GCC_WARN_UNDECLARED_SELECTOR = YES;
				GCC_WARN_UNINITIALIZED_AUTOS = YES_AGGRESSIVE;
				GCC_WARN_UNUSED_FUNCTION = YES;
				GCC_WARN_UNUSED_VARIABLE = YES;
				IPHONEOS_DEPLOYMENT_TARGET = 14.0;
				MTL_ENABLE_DEBUG_INFO = INCLUDE_SOURCE;
				MTL_FAST_MATH = YES;
				ONLY_ACTIVE_ARCH = YES;
				SDKROOT = iphoneos;
				SWIFT_ACTIVE_COMPILATION_CONDITIONS = DEBUG;
				SWIFT_OPTIMIZATION_LEVEL = "-Onone";
			};
			name = Debug;
		};
		29DAFC82252D3FE4009CB2A0 /* Release */ = {
			isa = XCBuildConfiguration;
			buildSettings = {
				ALWAYS_SEARCH_USER_PATHS = NO;
				CLANG_ANALYZER_NONNULL = YES;
				CLANG_ANALYZER_NUMBER_OBJECT_CONVERSION = YES_AGGRESSIVE;
				CLANG_CXX_LANGUAGE_STANDARD = "gnu++14";
				CLANG_CXX_LIBRARY = "libc++";
				CLANG_ENABLE_MODULES = YES;
				CLANG_ENABLE_OBJC_ARC = YES;
				CLANG_ENABLE_OBJC_WEAK = YES;
				CLANG_WARN_BLOCK_CAPTURE_AUTORELEASING = YES;
				CLANG_WARN_BOOL_CONVERSION = YES;
				CLANG_WARN_COMMA = YES;
				CLANG_WARN_CONSTANT_CONVERSION = YES;
				CLANG_WARN_DEPRECATED_OBJC_IMPLEMENTATIONS = YES;
				CLANG_WARN_DIRECT_OBJC_ISA_USAGE = YES_ERROR;
				CLANG_WARN_DOCUMENTATION_COMMENTS = YES;
				CLANG_WARN_EMPTY_BODY = YES;
				CLANG_WARN_ENUM_CONVERSION = YES;
				CLANG_WARN_INFINITE_RECURSION = YES;
				CLANG_WARN_INT_CONVERSION = YES;
				CLANG_WARN_NON_LITERAL_NULL_CONVERSION = YES;
				CLANG_WARN_OBJC_IMPLICIT_RETAIN_SELF = YES;
				CLANG_WARN_OBJC_LITERAL_CONVERSION = YES;
				CLANG_WARN_OBJC_ROOT_CLASS = YES_ERROR;
				CLANG_WARN_QUOTED_INCLUDE_IN_FRAMEWORK_HEADER = YES;
				CLANG_WARN_RANGE_LOOP_ANALYSIS = YES;
				CLANG_WARN_STRICT_PROTOTYPES = YES;
				CLANG_WARN_SUSPICIOUS_MOVE = YES;
				CLANG_WARN_UNGUARDED_AVAILABILITY = YES_AGGRESSIVE;
				CLANG_WARN_UNREACHABLE_CODE = YES;
				CLANG_WARN__DUPLICATE_METHOD_MATCH = YES;
				COPY_PHASE_STRIP = NO;
				DEBUG_INFORMATION_FORMAT = "dwarf-with-dsym";
				ENABLE_NS_ASSERTIONS = NO;
				ENABLE_STRICT_OBJC_MSGSEND = YES;
				GCC_C_LANGUAGE_STANDARD = gnu11;
				GCC_NO_COMMON_BLOCKS = YES;
				GCC_WARN_64_TO_32_BIT_CONVERSION = YES;
				GCC_WARN_ABOUT_RETURN_TYPE = YES_ERROR;
				GCC_WARN_UNDECLARED_SELECTOR = YES;
				GCC_WARN_UNINITIALIZED_AUTOS = YES_AGGRESSIVE;
				GCC_WARN_UNUSED_FUNCTION = YES;
				GCC_WARN_UNUSED_VARIABLE = YES;
				IPHONEOS_DEPLOYMENT_TARGET = 14.0;
				MTL_ENABLE_DEBUG_INFO = NO;
				MTL_FAST_MATH = YES;
				SDKROOT = iphoneos;
				SWIFT_COMPILATION_MODE = wholemodule;
				SWIFT_OPTIMIZATION_LEVEL = "-O";
				VALIDATE_PRODUCT = YES;
			};
			name = Release;
		};
		29DAFC84252D3FE4009CB2A0 /* Debug */ = {
			isa = XCBuildConfiguration;
			buildSettings = {
				ASSETCATALOG_COMPILER_APPICON_NAME = AppIcon;
				ASSETCATALOG_COMPILER_GLOBAL_ACCENT_COLOR_NAME = AccentColor;
				CODE_SIGN_STYLE = Automatic;
				INFOPLIST_FILE = TipCal/Info.plist;
				LD_RUNPATH_SEARCH_PATHS = (
					"$(inherited)",
					"@executable_path/Frameworks",
				);
				PRODUCT_BUNDLE_IDENTIFIER = Codepath.TipCal;
				PRODUCT_NAME = "$(TARGET_NAME)";
				SWIFT_VERSION = 5.0;
				TARGETED_DEVICE_FAMILY = "1,2";
			};
			name = Debug;
		};
		29DAFC85252D3FE4009CB2A0 /* Release */ = {
			isa = XCBuildConfiguration;
			buildSettings = {
				ASSETCATALOG_COMPILER_APPICON_NAME = AppIcon;
				ASSETCATALOG_COMPILER_GLOBAL_ACCENT_COLOR_NAME = AccentColor;
				CODE_SIGN_STYLE = Automatic;
				INFOPLIST_FILE = TipCal/Info.plist;
				LD_RUNPATH_SEARCH_PATHS = (
					"$(inherited)",
					"@executable_path/Frameworks",
				);
				PRODUCT_BUNDLE_IDENTIFIER = Codepath.TipCal;
				PRODUCT_NAME = "$(TARGET_NAME)";
				SWIFT_VERSION = 5.0;
				TARGETED_DEVICE_FAMILY = "1,2";
			};
			name = Release;
		};
		29DAFC87252D3FE4009CB2A0 /* Debug */ = {
			isa = XCBuildConfiguration;
			buildSettings = {
				ALWAYS_EMBED_SWIFT_STANDARD_LIBRARIES = YES;
				BUNDLE_LOADER = "$(TEST_HOST)";
				CODE_SIGN_STYLE = Automatic;
				INFOPLIST_FILE = TipCalTests/Info.plist;
				IPHONEOS_DEPLOYMENT_TARGET = 14.0;
				LD_RUNPATH_SEARCH_PATHS = (
					"$(inherited)",
					"@executable_path/Frameworks",
					"@loader_path/Frameworks",
				);
				PRODUCT_BUNDLE_IDENTIFIER = Codepath.TipCalTests;
				PRODUCT_NAME = "$(TARGET_NAME)";
				SWIFT_VERSION = 5.0;
				TARGETED_DEVICE_FAMILY = "1,2";
				TEST_HOST = "$(BUILT_PRODUCTS_DIR)/TipCal.app/TipCal";
			};
			name = Debug;
		};
		29DAFC88252D3FE4009CB2A0 /* Release */ = {
			isa = XCBuildConfiguration;
			buildSettings = {
				ALWAYS_EMBED_SWIFT_STANDARD_LIBRARIES = YES;
				BUNDLE_LOADER = "$(TEST_HOST)";
				CODE_SIGN_STYLE = Automatic;
				INFOPLIST_FILE = TipCalTests/Info.plist;
				IPHONEOS_DEPLOYMENT_TARGET = 14.0;
				LD_RUNPATH_SEARCH_PATHS = (
					"$(inherited)",
					"@executable_path/Frameworks",
					"@loader_path/Frameworks",
				);
				PRODUCT_BUNDLE_IDENTIFIER = Codepath.TipCalTests;
				PRODUCT_NAME = "$(TARGET_NAME)";
				SWIFT_VERSION = 5.0;
				TARGETED_DEVICE_FAMILY = "1,2";
				TEST_HOST = "$(BUILT_PRODUCTS_DIR)/TipCal.app/TipCal";
			};
			name = Release;
		};
		29DAFC8A252D3FE4009CB2A0 /* Debug */ = {
			isa = XCBuildConfiguration;
			buildSettings = {
				ALWAYS_EMBED_SWIFT_STANDARD_LIBRARIES = YES;
				CODE_SIGN_STYLE = Automatic;
				INFOPLIST_FILE = TipCalUITests/Info.plist;
				LD_RUNPATH_SEARCH_PATHS = (
					"$(inherited)",
					"@executable_path/Frameworks",
					"@loader_path/Frameworks",
				);
				PRODUCT_BUNDLE_IDENTIFIER = Codepath.TipCalUITests;
				PRODUCT_NAME = "$(TARGET_NAME)";
				SWIFT_VERSION = 5.0;
				TARGETED_DEVICE_FAMILY = "1,2";
				TEST_TARGET_NAME = TipCal;
			};
			name = Debug;
		};
		29DAFC8B252D3FE4009CB2A0 /* Release */ = {
			isa = XCBuildConfiguration;
			buildSettings = {
				ALWAYS_EMBED_SWIFT_STANDARD_LIBRARIES = YES;
				CODE_SIGN_STYLE = Automatic;
				INFOPLIST_FILE = TipCalUITests/Info.plist;
				LD_RUNPATH_SEARCH_PATHS = (
					"$(inherited)",
					"@executable_path/Frameworks",
					"@loader_path/Frameworks",
				);
				PRODUCT_BUNDLE_IDENTIFIER = Codepath.TipCalUITests;
				PRODUCT_NAME = "$(TARGET_NAME)";
				SWIFT_VERSION = 5.0;
				TARGETED_DEVICE_FAMILY = "1,2";
				TEST_TARGET_NAME = TipCal;
			};
			name = Release;
		};
/* End XCBuildConfiguration section */

/* Begin XCConfigurationList section */
		29DAFC54252D3FE0009CB2A0 /* Build configuration list for PBXProject "TipCal" */ = {
			isa = XCConfigurationList;
			buildConfigurations = (
				29DAFC81252D3FE4009CB2A0 /* Debug */,
				29DAFC82252D3FE4009CB2A0 /* Release */,
			);
			defaultConfigurationIsVisible = 0;
			defaultConfigurationName = Release;
		};
		29DAFC83252D3FE4009CB2A0 /* Build configuration list for PBXNativeTarget "TipCal" */ = {
			isa = XCConfigurationList;
			buildConfigurations = (
				29DAFC84252D3FE4009CB2A0 /* Debug */,
				29DAFC85252D3FE4009CB2A0 /* Release */,
			);
			defaultConfigurationIsVisible = 0;
			defaultConfigurationName = Release;
		};
		29DAFC86252D3FE4009CB2A0 /* Build configuration list for PBXNativeTarget "TipCalTests" */ = {
			isa = XCConfigurationList;
			buildConfigurations = (
				29DAFC87252D3FE4009CB2A0 /* Debug */,
				29DAFC88252D3FE4009CB2A0 /* Release */,
			);
			defaultConfigurationIsVisible = 0;
			defaultConfigurationName = Release;
		};
		29DAFC89252D3FE4009CB2A0 /* Build configuration list for PBXNativeTarget "TipCalUITests" */ = {
			isa = XCConfigurationList;
			buildConfigurations = (
				29DAFC8A252D3FE4009CB2A0 /* Debug */,
				29DAFC8B252D3FE4009CB2A0 /* Release */,
			);
			defaultConfigurationIsVisible = 0;
			defaultConfigurationName = Release;
		};
/* End XCConfigurationList section */
	};
	rootObject = 29DAFC51252D3FE0009CB2A0 /* Project object */;
}
